
Microsoft Visual Studio Solution File, Format Version 12.00
# Visual Studio Version 16
VisualStudioVersion = 16.0.31019.35
MinimumVisualStudioVersion = 10.0.40219.1
Project("{FAE04EC0-301F-11D3-BF4B-00C04F79EFBC}") = "Address", "Address\Address.csproj", "{8E0168A0-A00B-409E-9F53-8826E60F035C}"
EndProject
Project("{FAE04EC0-301F-11D3-BF4B-00C04F79EFBC}") = "Calculator", "Calculator\Calculator.csproj", "{7F654283-AB45-47C2-BF97-73D420DC3FAA}"
EndProject
Global
	GlobalSection(SolutionConfigurationPlatforms) = preSolution
		Debug|Any CPU = Debug|Any CPU
		Release|Any CPU = Release|Any CPU
	EndGlobalSection
	GlobalSection(ProjectConfigurationPlatforms) = postSolution
		{8E0168A0-A00B-409E-9F53-8826E60F035C}.Debug|Any CPU.ActiveCfg = Debug|Any CPU
		{8E0168A0-A00B-409E-9F53-8826E60F035C}.Debug|Any CPU.Build.0 = Debug|Any CPU
		{8E0168A0-A00B-409E-9F53-8826E60F035C}.Release|Any CPU.ActiveCfg = Release|Any CPU
		{8E0168A0-A00B-409E-9F53-8826E60F035C}.Release|Any CPU.Build.0 = Release|Any CPU
		{7F654283-AB45-47C2-BF97-73D420DC3FAA}.Debug|Any CPU.ActiveCfg = Debug|Any CPU
		{7F654283-AB45-47C2-BF97-73D420DC3FAA}.Debug|Any CPU.Build.0 = Debug|Any CPU
		{7F654283-AB45-47C2-BF97-73D420DC3FAA}.Release|Any CPU.ActiveCfg = Release|Any CPU
		{7F654283-AB45-47C2-BF97-73D420DC3FAA}.Release|Any CPU.Build.0 = Release|Any CPU
	EndGlobalSection
	GlobalSection(SolutionProperties) = preSolution
		HideSolutionNode = FALSE
	EndGlobalSection
	GlobalSection(ExtensibilityGlobals) = postSolution
		SolutionGuid = {9E6823B5-B568-43F3-B22A-04565B07C1C4}
	EndGlobalSection
EndGlobal
