
Microsoft Visual Studio Solution File, Format Version 12.00
# Visual Studio Version 16
VisualStudioVersion = 16.0.30907.101
MinimumVisualStudioVersion = 10.0.40219.1
Project("{FAE04EC0-301F-11D3-BF4B-00C04F79EFBC}") = "OverloadTestApp", "chap06\OverloadTestApp\OverloadTestApp.csproj", "{062F85DC-7F37-4127-90BF-ACA2EE32F6CA}"
EndProject
Global
	GlobalSection(SolutionConfigurationPlatforms) = preSolution
		Debug|Any CPU = Debug|Any CPU
		Release|Any CPU = Release|Any CPU
	EndGlobalSection
	GlobalSection(ProjectConfigurationPlatforms) = postSolution
		{062F85DC-7F37-4127-90BF-ACA2EE32F6CA}.Debug|Any CPU.ActiveCfg = Debug|Any CPU
		{062F85DC-7F37-4127-90BF-ACA2EE32F6CA}.Debug|Any CPU.Build.0 = Debug|Any CPU
		{062F85DC-7F37-4127-90BF-ACA2EE32F6CA}.Release|Any CPU.ActiveCfg = Release|Any CPU
		{062F85DC-7F37-4127-90BF-ACA2EE32F6CA}.Release|Any CPU.Build.0 = Release|Any CPU
	EndGlobalSection
	GlobalSection(SolutionProperties) = preSolution
		HideSolutionNode = FALSE
	EndGlobalSection
	GlobalSection(ExtensibilityGlobals) = postSolution
		SolutionGuid = {2E3DE74D-B64B-4AAC-9B31-88806E5AD706}
	EndGlobalSection
EndGlobal
