
Microsoft Visual Studio Solution File, Format Version 12.00
# Visual Studio Version 16
VisualStudioVersion = 16.0.31019.35
MinimumVisualStudioVersion = 10.0.40219.1
Project("{FAE04EC0-301F-11D3-BF4B-00C04F79EFBC}") = "Chap12App", "Chap12App\Chap12App.csproj", "{1C200195-AD73-4136-A4DC-0A4054BC557A}"
EndProject
Project("{FAE04EC0-301F-11D3-BF4B-00C04F79EFBC}") = "TryCatchApp", "TryCatchApp\TryCatchApp.csproj", "{574E2F47-49F7-4E22-B70F-1B05482811CB}"
EndProject
Project("{FAE04EC0-301F-11D3-BF4B-00C04F79EFBC}") = "ExceptionThrowApp", "ExceptionThrowApp\ExceptionThrowApp.csproj", "{C9D3EEDC-3917-4A8C-AC27-613DFED350BD}"
EndProject
Project("{FAE04EC0-301F-11D3-BF4B-00C04F79EFBC}") = "TryCatchFinallyApp", "TryCatchFinallyApp\TryCatchFinallyApp.csproj", "{59F6E54B-4AFE-4A76-B5E8-D2F543D1067C}"
EndProject
Global
	GlobalSection(SolutionConfigurationPlatforms) = preSolution
		Debug|Any CPU = Debug|Any CPU
		Release|Any CPU = Release|Any CPU
	EndGlobalSection
	GlobalSection(ProjectConfigurationPlatforms) = postSolution
		{1C200195-AD73-4136-A4DC-0A4054BC557A}.Debug|Any CPU.ActiveCfg = Debug|Any CPU
		{1C200195-AD73-4136-A4DC-0A4054BC557A}.Debug|Any CPU.Build.0 = Debug|Any CPU
		{1C200195-AD73-4136-A4DC-0A4054BC557A}.Release|Any CPU.ActiveCfg = Release|Any CPU
		{1C200195-AD73-4136-A4DC-0A4054BC557A}.Release|Any CPU.Build.0 = Release|Any CPU
		{574E2F47-49F7-4E22-B70F-1B05482811CB}.Debug|Any CPU.ActiveCfg = Debug|Any CPU
		{574E2F47-49F7-4E22-B70F-1B05482811CB}.Debug|Any CPU.Build.0 = Debug|Any CPU
		{574E2F47-49F7-4E22-B70F-1B05482811CB}.Release|Any CPU.ActiveCfg = Release|Any CPU
		{574E2F47-49F7-4E22-B70F-1B05482811CB}.Release|Any CPU.Build.0 = Release|Any CPU
		{C9D3EEDC-3917-4A8C-AC27-613DFED350BD}.Debug|Any CPU.ActiveCfg = Debug|Any CPU
		{C9D3EEDC-3917-4A8C-AC27-613DFED350BD}.Debug|Any CPU.Build.0 = Debug|Any CPU
		{C9D3EEDC-3917-4A8C-AC27-613DFED350BD}.Release|Any CPU.ActiveCfg = Release|Any CPU
		{C9D3EEDC-3917-4A8C-AC27-613DFED350BD}.Release|Any CPU.Build.0 = Release|Any CPU
		{59F6E54B-4AFE-4A76-B5E8-D2F543D1067C}.Debug|Any CPU.ActiveCfg = Debug|Any CPU
		{59F6E54B-4AFE-4A76-B5E8-D2F543D1067C}.Debug|Any CPU.Build.0 = Debug|Any CPU
		{59F6E54B-4AFE-4A76-B5E8-D2F543D1067C}.Release|Any CPU.ActiveCfg = Release|Any CPU
		{59F6E54B-4AFE-4A76-B5E8-D2F543D1067C}.Release|Any CPU.Build.0 = Release|Any CPU
	EndGlobalSection
	GlobalSection(SolutionProperties) = preSolution
		HideSolutionNode = FALSE
	EndGlobalSection
	GlobalSection(ExtensibilityGlobals) = postSolution
		SolutionGuid = {EA17AE5E-0812-47D9-9EC7-A5C8A8295B30}
	EndGlobalSection
EndGlobal
