
Microsoft Visual Studio Solution File, Format Version 12.00
# Visual Studio Version 16
VisualStudioVersion = 16.0.31019.35
MinimumVisualStudioVersion = 10.0.40219.1
Project("{FAE04EC0-301F-11D3-BF4B-00C04F79EFBC}") = "Chap15App", "Chap15App\Chap15App.csproj", "{E6B07E46-C025-44EE-A5E4-F9C4322E2041}"
EndProject
Global
	GlobalSection(SolutionConfigurationPlatforms) = preSolution
		Debug|Any CPU = Debug|Any CPU
		Release|Any CPU = Release|Any CPU
	EndGlobalSection
	GlobalSection(ProjectConfigurationPlatforms) = postSolution
		{E6B07E46-C025-44EE-A5E4-F9C4322E2041}.Debug|Any CPU.ActiveCfg = Debug|Any CPU
		{E6B07E46-C025-44EE-A5E4-F9C4322E2041}.Debug|Any CPU.Build.0 = Debug|Any CPU
		{E6B07E46-C025-44EE-A5E4-F9C4322E2041}.Release|Any CPU.ActiveCfg = Release|Any CPU
		{E6B07E46-C025-44EE-A5E4-F9C4322E2041}.Release|Any CPU.Build.0 = Release|Any CPU
	EndGlobalSection
	GlobalSection(SolutionProperties) = preSolution
		HideSolutionNode = FALSE
	EndGlobalSection
	GlobalSection(ExtensibilityGlobals) = postSolution
		SolutionGuid = {3B9D5D5D-68A9-4E60-A057-1B4ED7AA4D0F}
	EndGlobalSection
EndGlobal
