
Microsoft Visual Studio Solution File, Format Version 12.00
# Visual Studio Version 16
VisualStudioVersion = 16.0.31019.35
MinimumVisualStudioVersion = 10.0.40219.1
Project("{FAE04EC0-301F-11D3-BF4B-00C04F79EFBC}") = "Chap20App", "Chap20App\Chap20App.csproj", "{85C7C325-764A-4AB4-9331-444206AC7F2D}"
EndProject
Project("{FAE04EC0-301F-11D3-BF4B-00C04F79EFBC}") = "ConsoleApp1", "ConsoleApp1\ConsoleApp1.csproj", "{A10B379C-1C75-4E14-A20B-BD441F237318}"
EndProject
Project("{FAE04EC0-301F-11D3-BF4B-00C04F79EFBC}") = "MyWindowApp", "MyWindowApp\MyWindowApp.csproj", "{672A7AC6-7A8F-4839-A2AE-4BB527BF9069}"
EndProject
Project("{FAE04EC0-301F-11D3-BF4B-00C04F79EFBC}") = "UsingControlsApp", "UsingControlsApp\UsingControlsApp.csproj", "{D5091F32-9622-4B54-B303-9368FA6771DC}"
EndProject
Project("{FAE04EC0-301F-11D3-BF4B-00C04F79EFBC}") = "FileCopyApp", "FileCopyApp\FileCopyApp.csproj", "{F64AE17C-EB2C-4C3F-B354-87B8065A9CF1}"
EndProject
Global
	GlobalSection(SolutionConfigurationPlatforms) = preSolution
		Debug|Any CPU = Debug|Any CPU
		Release|Any CPU = Release|Any CPU
	EndGlobalSection
	GlobalSection(ProjectConfigurationPlatforms) = postSolution
		{85C7C325-764A-4AB4-9331-444206AC7F2D}.Debug|Any CPU.ActiveCfg = Debug|Any CPU
		{85C7C325-764A-4AB4-9331-444206AC7F2D}.Debug|Any CPU.Build.0 = Debug|Any CPU
		{85C7C325-764A-4AB4-9331-444206AC7F2D}.Release|Any CPU.ActiveCfg = Release|Any CPU
		{85C7C325-764A-4AB4-9331-444206AC7F2D}.Release|Any CPU.Build.0 = Release|Any CPU
		{A10B379C-1C75-4E14-A20B-BD441F237318}.Debug|Any CPU.ActiveCfg = Debug|Any CPU
		{A10B379C-1C75-4E14-A20B-BD441F237318}.Debug|Any CPU.Build.0 = Debug|Any CPU
		{A10B379C-1C75-4E14-A20B-BD441F237318}.Release|Any CPU.ActiveCfg = Release|Any CPU
		{A10B379C-1C75-4E14-A20B-BD441F237318}.Release|Any CPU.Build.0 = Release|Any CPU
		{672A7AC6-7A8F-4839-A2AE-4BB527BF9069}.Debug|Any CPU.ActiveCfg = Debug|Any CPU
		{672A7AC6-7A8F-4839-A2AE-4BB527BF9069}.Debug|Any CPU.Build.0 = Debug|Any CPU
		{672A7AC6-7A8F-4839-A2AE-4BB527BF9069}.Release|Any CPU.ActiveCfg = Release|Any CPU
		{672A7AC6-7A8F-4839-A2AE-4BB527BF9069}.Release|Any CPU.Build.0 = Release|Any CPU
		{D5091F32-9622-4B54-B303-9368FA6771DC}.Debug|Any CPU.ActiveCfg = Debug|Any CPU
		{D5091F32-9622-4B54-B303-9368FA6771DC}.Debug|Any CPU.Build.0 = Debug|Any CPU
		{D5091F32-9622-4B54-B303-9368FA6771DC}.Release|Any CPU.ActiveCfg = Release|Any CPU
		{D5091F32-9622-4B54-B303-9368FA6771DC}.Release|Any CPU.Build.0 = Release|Any CPU
		{F64AE17C-EB2C-4C3F-B354-87B8065A9CF1}.Debug|Any CPU.ActiveCfg = Debug|Any CPU
		{F64AE17C-EB2C-4C3F-B354-87B8065A9CF1}.Debug|Any CPU.Build.0 = Debug|Any CPU
		{F64AE17C-EB2C-4C3F-B354-87B8065A9CF1}.Release|Any CPU.ActiveCfg = Release|Any CPU
		{F64AE17C-EB2C-4C3F-B354-87B8065A9CF1}.Release|Any CPU.Build.0 = Release|Any CPU
	EndGlobalSection
	GlobalSection(SolutionProperties) = preSolution
		HideSolutionNode = FALSE
	EndGlobalSection
	GlobalSection(ExtensibilityGlobals) = postSolution
		SolutionGuid = {2EA2BD09-2B52-4106-BE86-6F5AD9DE8E41}
	EndGlobalSection
EndGlobal
