
Microsoft Visual Studio Solution File, Format Version 12.00
# Visual Studio Version 16
VisualStudioVersion = 16.0.30907.101
MinimumVisualStudioVersion = 10.0.40219.1
Project("{FAE04EC0-301F-11D3-BF4B-00C04F79EFBC}") = "Chap07App", "Chap07App\Chap07App.csproj", "{7F9817B1-9C31-4F3C-9ADC-2D7E812D42DE}"
EndProject
Project("{FAE04EC0-301F-11D3-BF4B-00C04F79EFBC}") = "CalcTestApp", "CalcTestaPP\CalcTestApp.csproj", "{4A5EF748-2B6F-4484-88CE-204C949EBD9E}"
EndProject
Project("{FAE04EC0-301F-11D3-BF4B-00C04F79EFBC}") = "StaticTestApp", "StaticTestApp\StaticTestApp.csproj", "{7EB6C241-90E7-498D-BBEE-F2C676039222}"
EndProject
Project("{FAE04EC0-301F-11D3-BF4B-00C04F79EFBC}") = "AccessModifierTestApp", "AccessModifierTestApp\AccessModifierTestApp.csproj", "{2B602228-11D0-4D41-8C62-143FBEACBFC0}"
EndProject
Project("{FAE04EC0-301F-11D3-BF4B-00C04F79EFBC}") = "InheritTestApp", "InheritTestApp\InheritTestApp.csproj", "{94359447-FF13-4419-BAEB-7BB970EB2F2B}"
EndProject
Project("{FAE04EC0-301F-11D3-BF4B-00C04F79EFBC}") = "ClassTypeCastApp", "ClassTypeCastApp\ClassTypeCastApp.csproj", "{133F8034-F037-448D-9CA4-DCCB9B5602A5}"
EndProject
Project("{FAE04EC0-301F-11D3-BF4B-00C04F79EFBC}") = "OverideTestApp", "OverideTestApp\OverideTestApp.csproj", "{7EB142E6-54F6-4F1B-931A-0ADE1B2C460D}"
EndProject
Project("{FAE04EC0-301F-11D3-BF4B-00C04F79EFBC}") = "InheritConfirmApp", "InheritConfirmApp\InheritConfirmApp.csproj", "{93F09B94-075D-4285-BF27-3D41C5A2AFB2}"
EndProject
Project("{FAE04EC0-301F-11D3-BF4B-00C04F79EFBC}") = "PartialClassApp", "PartialClassApp\PartialClassApp.csproj", "{647B4B15-7092-46AA-BD07-7EFA8E65D949}"
EndProject
Project("{FAE04EC0-301F-11D3-BF4B-00C04F79EFBC}") = "NewInheritTestApp", "NewInheritTestApp\NewInheritTestApp.csproj", "{F4324F03-368F-4E24-9DF3-CB15E393B8D9}"
EndProject
Project("{FAE04EC0-301F-11D3-BF4B-00C04F79EFBC}") = "NewTypeCastApp", "NewTypeCastApp\NewTypeCastApp.csproj", "{CD4715EE-A336-4424-9613-C42ADF465739}"
EndProject
Project("{FAE04EC0-301F-11D3-BF4B-00C04F79EFBC}") = "NewOverrideTestApp", "NewOverrideTestApp\NewOverrideTestApp.csproj", "{3D6C09BC-EA07-4160-8E91-916F1CF967C9}"
EndProject
Project("{FAE04EC0-301F-11D3-BF4B-00C04F79EFBC}") = "TupleTestAPP", "TupleTestAPP\TupleTestAPP.csproj", "{07710838-1B25-4CCA-8355-6D96B90B8CA2}"
EndProject
Global
	GlobalSection(SolutionConfigurationPlatforms) = preSolution
		Debug|Any CPU = Debug|Any CPU
		Release|Any CPU = Release|Any CPU
	EndGlobalSection
	GlobalSection(ProjectConfigurationPlatforms) = postSolution
		{7F9817B1-9C31-4F3C-9ADC-2D7E812D42DE}.Debug|Any CPU.ActiveCfg = Debug|Any CPU
		{7F9817B1-9C31-4F3C-9ADC-2D7E812D42DE}.Debug|Any CPU.Build.0 = Debug|Any CPU
		{7F9817B1-9C31-4F3C-9ADC-2D7E812D42DE}.Release|Any CPU.ActiveCfg = Release|Any CPU
		{7F9817B1-9C31-4F3C-9ADC-2D7E812D42DE}.Release|Any CPU.Build.0 = Release|Any CPU
		{4A5EF748-2B6F-4484-88CE-204C949EBD9E}.Debug|Any CPU.ActiveCfg = Debug|Any CPU
		{4A5EF748-2B6F-4484-88CE-204C949EBD9E}.Debug|Any CPU.Build.0 = Debug|Any CPU
		{4A5EF748-2B6F-4484-88CE-204C949EBD9E}.Release|Any CPU.ActiveCfg = Release|Any CPU
		{4A5EF748-2B6F-4484-88CE-204C949EBD9E}.Release|Any CPU.Build.0 = Release|Any CPU
		{7EB6C241-90E7-498D-BBEE-F2C676039222}.Debug|Any CPU.ActiveCfg = Debug|Any CPU
		{7EB6C241-90E7-498D-BBEE-F2C676039222}.Debug|Any CPU.Build.0 = Debug|Any CPU
		{7EB6C241-90E7-498D-BBEE-F2C676039222}.Release|Any CPU.ActiveCfg = Release|Any CPU
		{7EB6C241-90E7-498D-BBEE-F2C676039222}.Release|Any CPU.Build.0 = Release|Any CPU
		{2B602228-11D0-4D41-8C62-143FBEACBFC0}.Debug|Any CPU.ActiveCfg = Debug|Any CPU
		{2B602228-11D0-4D41-8C62-143FBEACBFC0}.Debug|Any CPU.Build.0 = Debug|Any CPU
		{2B602228-11D0-4D41-8C62-143FBEACBFC0}.Release|Any CPU.ActiveCfg = Release|Any CPU
		{2B602228-11D0-4D41-8C62-143FBEACBFC0}.Release|Any CPU.Build.0 = Release|Any CPU
		{94359447-FF13-4419-BAEB-7BB970EB2F2B}.Debug|Any CPU.ActiveCfg = Debug|Any CPU
		{94359447-FF13-4419-BAEB-7BB970EB2F2B}.Debug|Any CPU.Build.0 = Debug|Any CPU
		{94359447-FF13-4419-BAEB-7BB970EB2F2B}.Release|Any CPU.ActiveCfg = Release|Any CPU
		{94359447-FF13-4419-BAEB-7BB970EB2F2B}.Release|Any CPU.Build.0 = Release|Any CPU
		{133F8034-F037-448D-9CA4-DCCB9B5602A5}.Debug|Any CPU.ActiveCfg = Debug|Any CPU
		{133F8034-F037-448D-9CA4-DCCB9B5602A5}.Debug|Any CPU.Build.0 = Debug|Any CPU
		{133F8034-F037-448D-9CA4-DCCB9B5602A5}.Release|Any CPU.ActiveCfg = Release|Any CPU
		{133F8034-F037-448D-9CA4-DCCB9B5602A5}.Release|Any CPU.Build.0 = Release|Any CPU
		{7EB142E6-54F6-4F1B-931A-0ADE1B2C460D}.Debug|Any CPU.ActiveCfg = Debug|Any CPU
		{7EB142E6-54F6-4F1B-931A-0ADE1B2C460D}.Debug|Any CPU.Build.0 = Debug|Any CPU
		{7EB142E6-54F6-4F1B-931A-0ADE1B2C460D}.Release|Any CPU.ActiveCfg = Release|Any CPU
		{7EB142E6-54F6-4F1B-931A-0ADE1B2C460D}.Release|Any CPU.Build.0 = Release|Any CPU
		{93F09B94-075D-4285-BF27-3D41C5A2AFB2}.Debug|Any CPU.ActiveCfg = Debug|Any CPU
		{93F09B94-075D-4285-BF27-3D41C5A2AFB2}.Debug|Any CPU.Build.0 = Debug|Any CPU
		{93F09B94-075D-4285-BF27-3D41C5A2AFB2}.Release|Any CPU.ActiveCfg = Release|Any CPU
		{93F09B94-075D-4285-BF27-3D41C5A2AFB2}.Release|Any CPU.Build.0 = Release|Any CPU
		{647B4B15-7092-46AA-BD07-7EFA8E65D949}.Debug|Any CPU.ActiveCfg = Debug|Any CPU
		{647B4B15-7092-46AA-BD07-7EFA8E65D949}.Debug|Any CPU.Build.0 = Debug|Any CPU
		{647B4B15-7092-46AA-BD07-7EFA8E65D949}.Release|Any CPU.ActiveCfg = Release|Any CPU
		{647B4B15-7092-46AA-BD07-7EFA8E65D949}.Release|Any CPU.Build.0 = Release|Any CPU
		{F4324F03-368F-4E24-9DF3-CB15E393B8D9}.Debug|Any CPU.ActiveCfg = Debug|Any CPU
		{F4324F03-368F-4E24-9DF3-CB15E393B8D9}.Debug|Any CPU.Build.0 = Debug|Any CPU
		{F4324F03-368F-4E24-9DF3-CB15E393B8D9}.Release|Any CPU.ActiveCfg = Release|Any CPU
		{F4324F03-368F-4E24-9DF3-CB15E393B8D9}.Release|Any CPU.Build.0 = Release|Any CPU
		{CD4715EE-A336-4424-9613-C42ADF465739}.Debug|Any CPU.ActiveCfg = Debug|Any CPU
		{CD4715EE-A336-4424-9613-C42ADF465739}.Debug|Any CPU.Build.0 = Debug|Any CPU
		{CD4715EE-A336-4424-9613-C42ADF465739}.Release|Any CPU.ActiveCfg = Release|Any CPU
		{CD4715EE-A336-4424-9613-C42ADF465739}.Release|Any CPU.Build.0 = Release|Any CPU
		{3D6C09BC-EA07-4160-8E91-916F1CF967C9}.Debug|Any CPU.ActiveCfg = Debug|Any CPU
		{3D6C09BC-EA07-4160-8E91-916F1CF967C9}.Debug|Any CPU.Build.0 = Debug|Any CPU
		{3D6C09BC-EA07-4160-8E91-916F1CF967C9}.Release|Any CPU.ActiveCfg = Release|Any CPU
		{3D6C09BC-EA07-4160-8E91-916F1CF967C9}.Release|Any CPU.Build.0 = Release|Any CPU
		{07710838-1B25-4CCA-8355-6D96B90B8CA2}.Debug|Any CPU.ActiveCfg = Debug|Any CPU
		{07710838-1B25-4CCA-8355-6D96B90B8CA2}.Debug|Any CPU.Build.0 = Debug|Any CPU
		{07710838-1B25-4CCA-8355-6D96B90B8CA2}.Release|Any CPU.ActiveCfg = Release|Any CPU
		{07710838-1B25-4CCA-8355-6D96B90B8CA2}.Release|Any CPU.Build.0 = Release|Any CPU
	EndGlobalSection
	GlobalSection(SolutionProperties) = preSolution
		HideSolutionNode = FALSE
	EndGlobalSection
	GlobalSection(ExtensibilityGlobals) = postSolution
		SolutionGuid = {62958B8D-F022-4247-B49F-F0FBD211CA89}
	EndGlobalSection
EndGlobal
